{
    "_meta": {
        "hash": {
            "sha256": "370c43ccc97c0162540b52fcf90c79507fb990cf2b59dc4791698f570701ebe9"
        },
        "pipfile-spec": 6,
        "requires": {
            "python_version": "3.7"
        },
        "sources": [
            {
                "name": "pypi",
                "url": "https://pypi.org/simple",
                "verify_ssl": true
            }
        ]
    },
    "default": {
        "bottle": {
            "hashes": [
                "sha256:0819b74b145a7def225c0e83b16a4d5711fde751cd92bae467a69efce720f69e",
                "sha256:43157254e88f32c6be16f8d9eb1f1d1472396a4e174ebd2bf62544854ecf37e7"
            ],
            "version": "==0.12.18"
        },
        "bottle-websocket": {
            "hashes": [
                "sha256:9887f70dc0c7592ed8d0d11a14aa95dede6cd08d50d83d5b81fd963e5fec738b"
            ],
            "version": "==0.2.9"
        },
        "cvxpy": {
            "hashes": [
                "sha256:212cd483e9a0fbc91d593aa599eb065615b058189f66c7881521b63e6493307a",
                "sha256:347d65df5a226d930577c4dae1a7345cea86773aa1d85343d5f1dbc08083e926",
                "sha256:412ea6b81dc2fcd3eecfcc4c3af154f39b84730e4a2d527cedf6d7f1e1d6c6ef",
                "sha256:43617b721a9a805f0479dbd50983c43430ea07eeab1149757f30b9c76f03ec0b",
                "sha256:4a0ca16137768448c49880ec170d56795bacb9b76c52613cdcffa348ccd390f5",
                "sha256:6cff1816ba67b743da01ce6b395049b5f6d34cd785c74ea673763a950d62635a"
            ],
            "index": "pypi",
            "version": "==1.0.28"
        },
        "dill": {
            "hashes": [
                "sha256:42d8ef819367516592a825746a18073ced42ca169ab1f5f4044134703e7a049c"
            ],
            "version": "==0.3.1.1"
        },
        "ecos": {
            "hashes": [
                "sha256:1f811e7244a58a7037474b3dead85c7ffd524cf631c90584cc544e438f114cf9",
                "sha256:30e7e9c5ad8a012ba1f69aa6827beb99f208323f678a82fcccc30e4ab8090aad",
                "sha256:361758a3568eb5a3a9b37c00a22b36f9548bbd0cd21f1da904a3627285bb4274",
                "sha256:4b3068ef023c4f39f6c0d6fd73d27d8a8008f8b14e1f4ddd8d0f4876e841b986",
                "sha256:4f775caf828597d094cddae54f7ed12b4a5aa760f535a92ccabec47741e4d61c",
                "sha256:4fdfee011853cd07d494ef58a9299b1f0ccf0268c375109cb2b60727f746ea74",
                "sha256:54f7c480029fbfa738ddb8e538388868b2a17c9189a426d924ca0c36e4cbbbd5",
                "sha256:574fa26661d192e48551a30e217296875020fdb7eebf9a072a14d68a0b9de03a",
                "sha256:6b0829b76ba49f6ebf8b9512673a0b702b756704927cbb106043e1b2273dadea",
                "sha256:72657189f71dbde01d1df841d2139e04da17071c8d3270919c8501f239d8c8e4",
                "sha256:7c871b7a49a5855e7df0d60a06d0e2148a4b183d612f7db5e155988629c3ec21",
                "sha256:831acb6bac205025ffe87002d8f425d2764a70db3d9d053a1f7e0e50bc2a18b9",
                "sha256:83e90f42b3f32e2a93f255c3cfad2da78dbd859119e93844c45d2fca20bdc758",
                "sha256:845455f99cd579ee0cdfbcea675b4e4f7674b563e6a54a225977fc0819cda7e0",
                "sha256:912b17f72476aff33b32e92decd7c02ddb929db28227563b3750948783cff6f4",
                "sha256:94dd0f82a18550232e4924e6c42730c46d7cdc03c4e2dc889e98ec97c0f24061",
                "sha256:96ddc1c4e440820bb343c44785da480a64a9c468ec467b997e40f0c7d3236226",
                "sha256:db7433051f6072d4821ebc582e9ff853d7d631ed98770550d248eae70b29dd26",
                "sha256:dd9f01e28fe58894fb394931804884122606fb4e2a59d4514b803e9cd11b7d2b",
                "sha256:e002df0f4b6777be68c73756e60f3cf76cb5f2f7d36c4f1a482c5538aac1a287",
                "sha256:fb64fb29aef26474f807df4f0c198a6d192291edc9faa3bb05e3bc9b1e2b960a",
                "sha256:feda86ddd191b1ae34d5ea615743894d1baa800f2dbb552cb7c7095a87037831"
            ],
            "version": "==2.0.7.post1"
        },
        "eel": {
            "hashes": [
                "sha256:20b31863da7cde4281b7d27b4d5f755a1160bfcb30ff76540c8217bb23e6bf56"
            ],
            "index": "pypi",
            "version": "==0.12.2"
        },
        "future": {
            "hashes": [
                "sha256:b1bead90b70cf6ec3f0710ae53a525360fa360d306a86583adc6bf83a4db537d"
            ],
            "version": "==0.18.2"
        },
        "gevent": {
            "hashes": [
                "sha256:0774babec518a24d9a7231d4e689931f31b332c4517a771e532002614e270a64",
                "sha256:0e1e5b73a445fe82d40907322e1e0eec6a6745ca3cea19291c6f9f50117bb7ea",
                "sha256:0ff2b70e8e338cf13bedf146b8c29d475e2a544b5d1fe14045aee827c073842c",
                "sha256:107f4232db2172f7e8429ed7779c10f2ed16616d75ffbe77e0e0c3fcdeb51a51",
                "sha256:14b4d06d19d39a440e72253f77067d27209c67e7611e352f79fe69e0f618f76e",
                "sha256:1b7d3a285978b27b469c0ff5fb5a72bcd69f4306dbbf22d7997d83209a8ba917",
                "sha256:1eb7fa3b9bd9174dfe9c3b59b7a09b768ecd496debfc4976a9530a3e15c990d1",
                "sha256:2711e69788ddb34c059a30186e05c55a6b611cb9e34ac343e69cf3264d42fe1c",
                "sha256:28a0c5417b464562ab9842dd1fb0cc1524e60494641d973206ec24d6ec5f6909",
                "sha256:3249011d13d0c63bea72d91cec23a9cf18c25f91d1f115121e5c9113d753fa12",
                "sha256:44089ed06a962a3a70e96353c981d628b2d4a2f2a75ea5d90f916a62d22af2e8",
                "sha256:4bfa291e3c931ff3c99a349d8857605dca029de61d74c6bb82bd46373959c942",
                "sha256:50024a1ee2cf04645535c5ebaeaa0a60c5ef32e262da981f4be0546b26791950",
                "sha256:53b72385857e04e7faca13c613c07cab411480822ac658d97fd8a4ddbaf715c8",
                "sha256:74b7528f901f39c39cdbb50cdf08f1a2351725d9aebaef212a29abfbb06895ee",
                "sha256:7d0809e2991c9784eceeadef01c27ee6a33ca09ebba6154317a257353e3af922",
                "sha256:896b2b80931d6b13b5d9feba3d4eebc67d5e6ec54f0cf3339d08487d55d93b0e",
                "sha256:8d9ec51cc06580f8c21b41fd3f2b3465197ba5b23c00eb7d422b7ae0380510b0",
                "sha256:9f7a1e96fec45f70ad364e46de32ccacab4d80de238bd3c2edd036867ccd48ad",
                "sha256:ab4dc33ef0e26dc627559786a4fba0c2227f125db85d970abbf85b77506b3f51",
                "sha256:d1e6d1f156e999edab069d79d890859806b555ce4e4da5b6418616322f0a3df1",
                "sha256:d752bcf1b98174780e2317ada12013d612f05116456133a6acf3e17d43b71f05",
                "sha256:e5bcc4270671936349249d26140c267397b7b4b1381f5ec8b13c53c5b53ab6e1"
            ],
            "version": "==1.4.0"
        },
        "gevent-websocket": {
            "hashes": [
                "sha256:17b67d91282f8f4c973eba0551183fc84f56f1c90c8f6b6b30256f31f66f5242",
                "sha256:7eaef32968290c9121f7c35b973e2cc302ffb076d018c9068d2f5ca8b2d85fb0"
            ],
            "version": "==0.10.1"
        },
        "greenlet": {
            "hashes": [
                "sha256:000546ad01e6389e98626c1367be58efa613fa82a1be98b0c6fc24b563acc6d0",
                "sha256:0d48200bc50cbf498716712129eef819b1729339e34c3ae71656964dac907c28",
                "sha256:23d12eacffa9d0f290c0fe0c4e81ba6d5f3a5b7ac3c30a5eaf0126bf4deda5c8",
                "sha256:37c9ba82bd82eb6a23c2e5acc03055c0e45697253b2393c9a50cef76a3985304",
                "sha256:51155342eb4d6058a0ffcd98a798fe6ba21195517da97e15fca3db12ab201e6e",
                "sha256:51503524dd6f152ab4ad1fbd168fc6c30b5795e8c70be4410a64940b3abb55c0",
                "sha256:7457d685158522df483196b16ec648b28f8e847861adb01a55d41134e7734122",
                "sha256:8041e2de00e745c0e05a502d6e6db310db7faa7c979b3a5877123548a4c0b214",
                "sha256:81fcd96a275209ef117e9ec91f75c731fa18dcfd9ffaa1c0adbdaa3616a86043",
                "sha256:853da4f9563d982e4121fed8c92eea1a4594a2299037b3034c3c898cb8e933d6",
                "sha256:8b4572c334593d449113f9dc8d19b93b7b271bdbe90ba7509eb178923327b625",
                "sha256:9416443e219356e3c31f1f918a91badf2e37acf297e2fa13d24d1cc2380f8fbc",
                "sha256:9854f612e1b59ec66804931df5add3b2d5ef0067748ea29dc60f0efdcda9a638",
                "sha256:99a26afdb82ea83a265137a398f570402aa1f2b5dfb4ac3300c026931817b163",
                "sha256:a19bf883b3384957e4a4a13e6bd1ae3d85ae87f4beb5957e35b0be287f12f4e4",
                "sha256:a9f145660588187ff835c55a7d2ddf6abfc570c2651c276d3d4be8a2766db490",
                "sha256:ac57fcdcfb0b73bb3203b58a14501abb7e5ff9ea5e2edfa06bb03035f0cff248",
                "sha256:bcb530089ff24f6458a81ac3fa699e8c00194208a724b644ecc68422e1111939",
                "sha256:beeabe25c3b704f7d56b573f7d2ff88fc99f0138e43480cecdfcaa3b87fe4f87",
                "sha256:d634a7ea1fc3380ff96f9e44d8d22f38418c1c381d5fac680b272d7d90883720",
                "sha256:d97b0661e1aead761f0ded3b769044bb00ed5d33e1ec865e891a8b128bf7c656",
                "sha256:e538b8dae561080b542b0f5af64d47ef859f22517f7eca617bb314e0e03fd7ef"
            ],
            "index": "pypi",
            "version": "==0.4.15"
        },
        "mip": {
            "git": "https://github.com/coin-or/python-mip.git",
            "ref": "1586ec2d1a290fbb967d433744e425298851c33d"
        },
        "multiprocess": {
            "hashes": [
                "sha256:0e4e65c2e74aa14fa0c9a1f838b5e9a5f8fe5b3a173925792260843c4a6157ec",
                "sha256:1eb7dfe2d809d53be92e8a288ed1c01614fe5407bbc9d078ed451a749fb1bd34",
                "sha256:9fd5bd990132da77e73dec6e9613408602a4612e1d73caf2e2b813d2b61508e5"
            ],
            "version": "==0.70.9"
        },
        "numpy": {
            "hashes": [
                "sha256:1598a6de323508cfeed6b7cd6c4efb43324f4692e20d1f76e1feec7f59013448",
                "sha256:1b0ece94018ae21163d1f651b527156e1f03943b986188dd81bc7e066eae9d1c",
                "sha256:2e40be731ad618cb4974d5ba60d373cdf4f1b8dcbf1dcf4d9dff5e212baf69c5",
                "sha256:4ba59db1fcc27ea31368af524dcf874d9277f21fd2e1f7f1e2e0c75ee61419ed",
                "sha256:59ca9c6592da581a03d42cc4e270732552243dc45e87248aa8d636d53812f6a5",
                "sha256:5e0feb76849ca3e83dd396254e47c7dba65b3fa9ed3df67c2556293ae3e16de3",
                "sha256:6d205249a0293e62bbb3898c4c2e1ff8a22f98375a34775a259a0523111a8f6c",
                "sha256:6fcc5a3990e269f86d388f165a089259893851437b904f422d301cdce4ff25c8",
                "sha256:82847f2765835c8e5308f136bc34018d09b49037ec23ecc42b246424c767056b",
                "sha256:87902e5c03355335fc5992a74ba0247a70d937f326d852fc613b7f53516c0963",
                "sha256:9ab21d1cb156a620d3999dd92f7d1c86824c622873841d6b080ca5495fa10fef",
                "sha256:a1baa1dc8ecd88fb2d2a651671a84b9938461e8a8eed13e2f0a812a94084d1fa",
                "sha256:a244f7af80dacf21054386539699ce29bcc64796ed9850c99a34b41305630286",
                "sha256:a35af656a7ba1d3decdd4fae5322b87277de8ac98b7d9da657d9e212ece76a61",
                "sha256:b1fe1a6f3a6f355f6c29789b5927f8bd4f134a4bd9a781099a7c4f66af8850f5",
                "sha256:b5ad0adb51b2dee7d0ee75a69e9871e2ddfb061c73ea8bc439376298141f77f5",
                "sha256:ba3c7a2814ec8a176bb71f91478293d633c08582119e713a0c5351c0f77698da",
                "sha256:cd77d58fb2acf57c1d1ee2835567cd70e6f1835e32090538f17f8a3a99e5e34b",
                "sha256:cdb3a70285e8220875e4d2bc394e49b4988bdb1298ffa4e0bd81b2f613be397c",
                "sha256:deb529c40c3f1e38d53d5ae6cd077c21f1d49e13afc7936f7f868455e16b64a0",
                "sha256:e7894793e6e8540dbeac77c87b489e331947813511108ae097f1715c018b8f3d"
            ],
            "index": "pypi",
            "version": "==1.18.2"
        },
        "osqp": {
            "hashes": [
                "sha256:091d07986ed0175bcb5026f404f26d58a1f53e4ddc48f052c491d1b168cdb098",
                "sha256:1cd39bb3e63ff165ec8da5dddbbd0db83832e75b32e273b1387f4ddd080953c3",
                "sha256:1efd742d31b68a4c35ddd0ac4663b826fd02f04e6ce5ed0ed2bf8b7ec3a7486c",
                "sha256:2e4ab864315a3252974db0bd32586ecc3caf8e6f5b01de3b832c54b8b3084978",
                "sha256:42d9a897b3da48cdbb81ad1aca4accb413b647fa181b13a1e47e91537c7ff00c",
                "sha256:47b17996526d6ecdf35cfaead6e3e05d34bc2ad48bcb743153cefe555ecc0e8c",
                "sha256:56088ea395eccd0d16a7a242330ece9064f53534722fa40697514851653fa88d",
                "sha256:567b89f6750d5388e67b749ec978ebb5d1500ea8389dc00d3eea9003267649fe",
                "sha256:58cacc6ffe95c937c129fd67a8cea274e89c24e41d42e755a8a1699dd43858a6",
                "sha256:5d53980a360dfc696f097dfd2b2bcd2fdeb451e83421f8f5a3b5c10e0d8f062f",
                "sha256:6060f03875823e0404e96fcee718dacf1e905920923eb474af6f78384cfb897f",
                "sha256:652f7c2b3a610df43bc449aa112cc90bc161733cfe1920bc193a113efc7de999",
                "sha256:6cd482506ed4e43c025e3cc339bc54bcf9d45033602fa3620db3519916a087a7",
                "sha256:72bca52b84c7ea7762c42e2fd801b301eb2990b7f033887c997fd1b91623d110",
                "sha256:777528b89623a356f0ae17c057fdb3fd4f19913f9194284c804196587c27e9b5",
                "sha256:7f87e3f25d8d094587133351acb0fd5653821a2111241d5b26d8b5f1dcc2fc14",
                "sha256:847c678eafaf9612c2ef1176adf7099311f807257d2979f446e44d4b3c96ce86",
                "sha256:8821a9cf7d10a01de5c171bc11b810fa5792424be6c3738d89f6f56d02d56bc1",
                "sha256:8bb9c40189f747237e12b50c16fd83b6a923935be5fbfadc4dec7582669fd516",
                "sha256:8e577f8443e25f880e75e8bab104a333804eef2f46be82fd2d1d5d6105a6068a",
                "sha256:8f1a4c88f544049b70a42a0fcdb99c898e548e1977d6bfe8e7733b11b0db29f2",
                "sha256:925cd444bbf603df60957387f09d1e0cd0de76fb5aff97a537479a2c03bb54d7",
                "sha256:a1fce07d1eed1e8e0d0b978fe1b358bd82ab3788a5de5db0646ade596410c453",
                "sha256:a6f7dc299b562d502eabd183c2ea10232208fac6be9e70ad726a56707b3cc50e",
                "sha256:abf2aef840b62a893ee40c40a0c9cd783439d3cbfe3d522cbf25de9149e9337e",
                "sha256:ae0c2603af0446f833194cffc340e3abd0da85fbb58636aac7dd9706bcaaa166",
                "sha256:c11e5e8b450babedbc0632a164962b39688a7cefbd726ed97633274031d6975f",
                "sha256:c345b5c9895881eec2b2d6aa6cc93784a29625cd741ec9d603be1d37360e032c",
                "sha256:cebae971823a5f8dbaa4ebd4c235a16df16d8a428a31b8a0a5c9bc2cd8b9ef82",
                "sha256:d624f4c295bce04eb44ac005eb6900fc4411c442b39980b9ff0fcda5af60dd30",
                "sha256:dd7a68e11590216ee223e0f8b07748d6890104d9890b430f76ad5c693d2e694a",
                "sha256:e780b60fac0745ea9b2c447b95fe6fc84596d70e7a7a5a08d2a821ae49d0d952",
                "sha256:e853480dd451d22a4a5fa967111f1299090c6b7be20b717f44c22cf0047e0407",
                "sha256:ebb087917600ca105c3e69a288215feb3f09627ba6c817025c57b51702251d8a",
                "sha256:f0dba7708495b7b533da449c0aabb8bfe377cfb101945a647ca0db7c95edcadb",
                "sha256:fd6fc304a3179d004c4805576cb9f6c47429c6ec8a9feb341d07294d57dcedfe"
            ],
            "version": "==0.6.1"
        },
        "scipy": {
            "hashes": [
                "sha256:00af72998a46c25bdb5824d2b729e7dabec0c765f9deb0b504f928591f5ff9d4",
                "sha256:0902a620a381f101e184a958459b36d3ee50f5effd186db76e131cbefcbb96f7",
                "sha256:1e3190466d669d658233e8a583b854f6386dd62d655539b77b3fa25bfb2abb70",
                "sha256:2cce3f9847a1a51019e8c5b47620da93950e58ebc611f13e0d11f4980ca5fecb",
                "sha256:3092857f36b690a321a662fe5496cb816a7f4eecd875e1d36793d92d3f884073",
                "sha256:386086e2972ed2db17cebf88610aab7d7f6e2c0ca30042dc9a89cf18dcc363fa",
                "sha256:71eb180f22c49066f25d6df16f8709f215723317cc951d99e54dc88020ea57be",
                "sha256:770254a280d741dd3436919d47e35712fb081a6ff8bafc0f319382b954b77802",
                "sha256:787cc50cab3020a865640aba3485e9fbd161d4d3b0d03a967df1a2881320512d",
                "sha256:8a07760d5c7f3a92e440ad3aedcc98891e915ce857664282ae3c0220f3301eb6",
                "sha256:8d3bc3993b8e4be7eade6dcc6fd59a412d96d3a33fa42b0fa45dc9e24495ede9",
                "sha256:9508a7c628a165c2c835f2497837bf6ac80eb25291055f56c129df3c943cbaf8",
                "sha256:a144811318853a23d32a07bc7fd5561ff0cac5da643d96ed94a4ffe967d89672",
                "sha256:a1aae70d52d0b074d8121333bc807a485f9f1e6a69742010b33780df2e60cfe0",
                "sha256:a2d6df9eb074af7f08866598e4ef068a2b310d98f87dc23bd1b90ec7bdcec802",
                "sha256:bb517872058a1f087c4528e7429b4a44533a902644987e7b2fe35ecc223bc408",
                "sha256:c5cac0c0387272ee0e789e94a570ac51deb01c796b37fb2aad1fb13f85e2f97d",
                "sha256:cc971a82ea1170e677443108703a2ec9ff0f70752258d0e9f5433d00dda01f59",
                "sha256:dba8306f6da99e37ea08c08fef6e274b5bf8567bb094d1dbe86a20e532aca088",
                "sha256:dc60bb302f48acf6da8ca4444cfa17d52c63c5415302a9ee77b3b21618090521",
                "sha256:dee1bbf3a6c8f73b6b218cb28eed8dd13347ea2f87d572ce19b289d6fd3fbc59"
            ],
            "version": "==1.4.1"
        },
        "scs": {
            "hashes": [
                "sha256:5a1fa423607bce68ea808fa32d999b78764e67b3d4bcfe06fe743a4b441cc384",
                "sha256:f816cfe3d4b4cff3ac2b8b96588c5960ddd2a3dc946bda6b09db04e7bc6577f2"
            ],
            "version": "==2.1.1.post2"
        },
        "toml": {
            "hashes": [
                "sha256:229f81c57791a41d65e399fc06bf0848bab550a9dfd5ed66df18ce5f05e73d5c",
                "sha256:235682dd292d5899d361a811df37e04a8828a5b1da3115886b73cf81ebc9100e"
            ],
            "index": "pypi",
            "version": "==0.10.0"
        },
        "whichcraft": {
            "hashes": [
                "sha256:acdbb91b63d6a15efbd6430d1d7b2d36e44a71697e93e19b7ded477afd9fce87",
                "sha256:deda9266fbb22b8c64fd3ee45c050d61139cd87419765f588e37c8d23e236dd9"
            ],
            "version": "==0.6.1"
        }
    },
    "develop": {
        "altgraph": {
            "hashes": [
                "sha256:1f05a47122542f97028caf78775a095fbe6a2699b5089de8477eb583167d69aa",
                "sha256:c623e5f3408ca61d4016f23a681b9adb100802ca3e3da5e718915a9e4052cebe"
            ],
            "version": "==0.17"
        },
        "future": {
            "hashes": [
                "sha256:b1bead90b70cf6ec3f0710ae53a525360fa360d306a86583adc6bf83a4db537d"
            ],
            "version": "==0.18.2"
        },
        "macholib": {
            "hashes": [
                "sha256:0c436bc847e7b1d9bda0560351bf76d7caf930fb585a828d13608839ef42c432",
                "sha256:c500f02867515e6c60a27875b408920d18332ddf96b4035ef03beddd782d4281"
            ],
            "index": "pypi",
            "markers": "sys_platform == 'darwin'",
            "version": "==1.14"
        },
        "pefile": {
            "hashes": [
                "sha256:a5d6e8305c6b210849b47a6174ddf9c452b2888340b8177874b862ba6c207645"
            ],
            "index": "pypi",
            "markers": "sys_platform == 'win32'",
            "version": "==2019.4.18"
        },
        "pyinstaller": {
            "hashes": [
                "sha256:3730fa80d088f8bb7084d32480eb87cbb4ddb64123363763cf8f2a1378c1c4b7"
            ],
            "index": "pypi",
            "version": "==3.6"
        },
        "pywin32-ctypes": {
            "hashes": [
                "sha256:24ffc3b341d457d48e8922352130cf2644024a4ff09762a2261fd34c36ee5942",
                "sha256:9dc2d991b3479cc2df15930958b674a48a227d5361d413827a4cfd0b5876fc98"
            ],
            "index": "pypi",
            "markers": "sys_platform == 'win32'",
            "version": "==0.2.0"
        }
    }
}
